{
    "_readme": [
        "This file locks the dependencies of your project to a known state",
        "Read more about it at https://getcomposer.org/doc/01-basic-usage.md#composer-lock-the-lock-file",
        "This file is @generated automatically"
    ],
    "hash": "c803917e025acdd315e249b86924035d",
    "packages": [
        {
            "name": "guzzlehttp/guzzle",
            "version": "6.1.0",
            "source": {
                "type": "git",
                "url": "https://github.com/guzzle/guzzle.git",
                "reference": "66fd14b4d0b8f2389eaf37c5458608c7cb793a81"
            },
            "dist": {
                "type": "zip",
                "url": "https://api.github.com/repos/guzzle/guzzle/zipball/66fd14b4d0b8f2389eaf37c5458608c7cb793a81",
                "reference": "66fd14b4d0b8f2389eaf37c5458608c7cb793a81",
                "shasum": ""
            },
            "require": {
                "guzzlehttp/promises": "~1.0",
                "guzzlehttp/psr7": "~1.1",
                "php": ">=5.5.0"
            },
            "require-dev": {
                "ext-curl": "*",
                "phpunit/phpunit": "~4.0",
                "psr/log": "~1.0"
            },
            "type": "library",
            "extra": {
                "branch-alias": {
                    "dev-master": "6.1-dev"
                }
            },
            "autoload": {
                "files": [
                    "src/functions_include.php"
                ],
                "psr-4": {
                    "GuzzleHttp\\": "src/"
                }
            },
            "notification-url": "https://packagist.org/downloads/",
            "license": [
                "MIT"
            ],
            "authors": [
                {
                    "name": "Michael Dowling",
                    "email": "mtdowling@gmail.com",
                    "homepage": "https://github.com/mtdowling"
                }
            ],
            "description": "Guzzle is a PHP HTTP client library",
            "homepage": "http://guzzlephp.org/",
            "keywords": [
                "client",
                "curl",
                "framework",
                "http",
                "http client",
                "rest",
                "web service"
            ],
            "time": "2015-09-08 17:36:26"
        },
        {
            "name": "guzzlehttp/promises",
            "version": "1.0.3",
            "source": {
                "type": "git",
                "url": "https://github.com/guzzle/promises.git",
                "reference": "b1e1c0d55f8083c71eda2c28c12a228d708294ea"
            },
            "dist": {
                "type": "zip",
                "url": "https://api.github.com/repos/guzzle/promises/zipball/b1e1c0d55f8083c71eda2c28c12a228d708294ea",
                "reference": "b1e1c0d55f8083c71eda2c28c12a228d708294ea",
                "shasum": ""
            },
            "require": {
                "php": ">=5.5.0"
            },
            "require-dev": {
                "phpunit/phpunit": "~4.0"
            },
            "type": "library",
            "extra": {
                "branch-alias": {
                    "dev-master": "1.0-dev"
                }
            },
            "autoload": {
                "psr-4": {
                    "GuzzleHttp\\Promise\\": "src/"
                },
                "files": [
                    "src/functions_include.php"
                ]
            },
            "notification-url": "https://packagist.org/downloads/",
            "license": [
                "MIT"
            ],
            "authors": [
                {
                    "name": "Michael Dowling",
                    "email": "mtdowling@gmail.com",
                    "homepage": "https://github.com/mtdowling"
                }
            ],
            "description": "Guzzle promises library",
            "keywords": [
                "promise"
            ],
            "time": "2015-10-15 22:28:00"
        },
        {
            "name": "guzzlehttp/psr7",
            "version": "1.2.0",
            "source": {
                "type": "git",
                "url": "https://github.com/guzzle/psr7.git",
                "reference": "4ef919b0cf3b1989523138b60163bbcb7ba1ff7e"
            },
            "dist": {
                "type": "zip",
                "url": "https://api.github.com/repos/guzzle/psr7/zipball/4ef919b0cf3b1989523138b60163bbcb7ba1ff7e",
                "reference": "4ef919b0cf3b1989523138b60163bbcb7ba1ff7e",
                "shasum": ""
            },
            "require": {
                "php": ">=5.4.0",
                "psr/http-message": "~1.0"
            },
            "provide": {
                "psr/http-message-implementation": "1.0"
            },
            "require-dev": {
                "phpunit/phpunit": "~4.0"
            },
            "type": "library",
            "extra": {
                "branch-alias": {
                    "dev-master": "1.0-dev"
                }
            },
            "autoload": {
                "psr-4": {
                    "GuzzleHttp\\Psr7\\": "src/"
                },
                "files": [
                    "src/functions_include.php"
                ]
            },
            "notification-url": "https://packagist.org/downloads/",
            "license": [
                "MIT"
            ],
            "authors": [
                {
                    "name": "Michael Dowling",
                    "email": "mtdowling@gmail.com",
                    "homepage": "https://github.com/mtdowling"
                }
            ],
            "description": "PSR-7 message implementation",
            "keywords": [
                "http",
                "message",
                "stream",
                "uri"
            ],
            "time": "2015-08-15 19:32:36"
        },
        {
            "name": "league/url",
            "version": "3.3.5",
            "source": {
                "type": "git",
                "url": "https://github.com/thephpleague/url.git",
                "reference": "1ae2c3ce29a7c5438339ff6388225844e6479da8"
            },
            "dist": {
                "type": "zip",
                "url": "https://api.github.com/repos/thephpleague/url/zipball/1ae2c3ce29a7c5438339ff6388225844e6479da8",
                "reference": "1ae2c3ce29a7c5438339ff6388225844e6479da8",
                "shasum": ""
            },
            "require": {
                "ext-mbstring": "*",
                "php": ">=5.3.0",
                "true/punycode": "^2.0"
            },
            "require-dev": {
                "phpunit/phpunit": "^4.0"
            },
            "type": "library",
            "extra": {
                "branch-alias": {
                    "dev-master": "3.3-dev"
                }
            },
            "autoload": {
                "psr-4": {
                    "League\\Url\\": "src"
                }
            },
            "notification-url": "https://packagist.org/downloads/",
            "license": [
                "MIT"
            ],
            "authors": [
                {
                    "name": "Ignace Nyamagana Butera",
                    "email": "nyamsprod@gmail.com",
                    "homepage": "https://github.com/nyamsprod/",
                    "role": "Developer"
                }
            ],
            "description": "League/url is a lightweight PHP Url manipulating library",
            "homepage": "http://url.thephpleague.com",
            "keywords": [
                "parse_url",
                "php",
                "url"
            ],
            "time": "2015-07-15 08:24:12"
        },
        {
            "name": "payum/core",
            "version": "dev-master",
            "target-dir": "Payum/Core",
            "source": {
                "type": "git",
                "url": "https://github.com/Payum/Core.git",
                "reference": "3aa1b76ae9913a5fa3d51a36fdf9201d63d46299"
            },
            "dist": {
                "type": "zip",
                "url": "https://api.github.com/repos/Payum/Core/zipball/3aa1b76ae9913a5fa3d51a36fdf9201d63d46299",
                "reference": "3aa1b76ae9913a5fa3d51a36fdf9201d63d46299",
                "shasum": ""
            },
            "require": {
                "guzzlehttp/guzzle": "~6.0",
                "league/url": "~3.0",
                "payum/iso4217": "~1.0",
                "php": ">=5.5.0",
                "twig/twig": "~1.0"
            },
            "require-dev": {
                "doctrine/mongodb": "1.0.*@dev",
                "doctrine/mongodb-odm": "1.0.*@dev",
                "doctrine/orm": "2.*",
                "ext-curl": "*",
                "ext-pdo_sqlite": "*",
                "phpunit/phpunit": "~4.0",
                "propel/propel1": "~1.7",
                "psr/log": "~1.0",
                "symfony/form": "~2.3",
                "symfony/http-foundation": "~2.3",
                "symfony/http-kernel": "~2.3",
                "symfony/routing": "~2.3",
                "symfony/validator": "~2.6",
                "zendframework/zend-db": "~2"
            },
            "suggest": {
                "doctrine/mongodb-odm": "If you want to store models to mongo doctrin2 ODM",
                "doctrine/orm": "If you want to store models to database using doctrin2 ORM",
                "monolog/monolog": "In case you want to use logger",
                "payum/authorize-net-aim": "If you want to use Authorize.Net AIM payment gateway",
                "payum/be2bill": "If you want to use be2bill payment gateway",
                "payum/omnipay-bridge": "If you want to use omnipay's gateways",
                "payum/payex": "If you want to use payex payment gateway",
                "payum/paypal-express-checkout-nvp": "If you want to use paypal express checkout, digital goods or recurring payments",
                "payum/paypal-ipn": "If you want to use paypal instant payment notifications(Paypal IPN)",
                "payum/paypal-pro-checkout-nvp": "If you want to use paypal pro checkout",
                "payum/paypal-rest": "If you want to use paypal rest gateway",
                "propel/propel": "If you want to store models to Propel2 ORM",
                "propel/propel1": "If you want to store models to Propel1 ORM",
                "symfony/form": "If you want to use forms",
                "symfony/http-foundation": "If you want to use HttpRequestVerifier or HttpResponse reply from symfony's bridge",
                "symfony/http-kernel": "If you want to use HttpRequestVerifier from symfony's bridge",
                "symfony/routing": "If you want to use TokenFactory from symfony's bridge",
                "zendframework/zend-db": "If you want to store models to Zend Db ORM"
            },
            "type": "library",
            "extra": {
                "branch-alias": {
                    "dev-master": "1.0-dev"
                }
            },
            "autoload": {
                "psr-0": {
                    "Payum\\Core\\": ""
                }
            },
            "notification-url": "https://packagist.org/downloads/",
            "license": [
                "MIT"
            ],
            "authors": [
                {
                    "name": "Community contributions",
                    "homepage": "https://github.com/Payum/Payum/contributors"
                },
                {
                    "name": "Kotlyar Maksim",
                    "email": "kotlyar.maksim@gmail.com"
                },
                {
                    "name": "Payum project",
                    "homepage": "http://payum.org/"
                }
            ],
            "description": "Payum  offers everything you need to work with payments. From simplest use cases to very advanced ones.",
            "homepage": "http://payum.org",
            "keywords": [
                "authorize.net",
                "be2bill",
                "instant payment notification",
                "ipn",
                "jms payment",
                "omnipay",
                "payex",
                "payment",
                "paypal",
                "paypal digital goods",
                "paypal express",
                "paypal pro",
                "paypal rest",
                "recurring payment"
            ],
            "time": "2015-09-28 19:46:52"
        },
        {
            "name": "payum/iso4217",
            "version": "1.0.0",
            "source": {
                "type": "git",
                "url": "https://github.com/Payum/iso4217.git",
                "reference": "265c01a8c228f3c75b053353328769780a0a3321"
            },
            "dist": {
                "type": "zip",
                "url": "https://api.github.com/repos/Payum/iso4217/zipball/265c01a8c228f3c75b053353328769780a0a3321",
                "reference": "265c01a8c228f3c75b053353328769780a0a3321",
                "shasum": ""
            },
            "require": {
                "php": ">=5.3"
            },
            "require-dev": {
                "phpunit/phpunit": "~4.0"
            },
            "type": "library",
            "extra": {
                "branch-alias": {
                    "dev-master": "1.0.x-dev"
                }
            },
            "autoload": {
                "psr-4": {
                    "Payum\\ISO4217\\": "."
                }
            },
            "notification-url": "https://packagist.org/downloads/",
            "license": [
                "MIT"
            ],
            "authors": [
                {
                    "name": "Rob Bast",
                    "email": "rob.bast@gmail.com"
                },
                {
                    "name": "Community contributions",
                    "homepage": "https://github.com/Payum/Payum/contributors"
                },
                {
                    "name": "Kotlyar Maksim",
                    "email": "kotlyar.maksim@gmail.com"
                },
                {
                    "name": "Payum project",
                    "homepage": "http://payum.org/"
                }
            ],
            "description": "ISO 4217 PHP Library",
            "homepage": "http://payum.org",
            "keywords": [
                "4217",
                "ISO 4217",
                "currencies",
                "iso",
                "library"
            ],
            "time": "2015-04-14 17:23:40"
        },
        {
            "name": "psr/http-message",
            "version": "1.0",
            "source": {
                "type": "git",
                "url": "https://github.com/php-fig/http-message.git",
                "reference": "85d63699f0dbedb190bbd4b0d2b9dc707ea4c298"
            },
            "dist": {
                "type": "zip",
                "url": "https://api.github.com/repos/php-fig/http-message/zipball/85d63699f0dbedb190bbd4b0d2b9dc707ea4c298",
                "reference": "85d63699f0dbedb190bbd4b0d2b9dc707ea4c298",
                "shasum": ""
            },
            "require": {
                "php": ">=5.3.0"
            },
            "type": "library",
            "extra": {
                "branch-alias": {
                    "dev-master": "1.0.x-dev"
                }
            },
            "autoload": {
                "psr-4": {
                    "Psr\\Http\\Message\\": "src/"
                }
            },
            "notification-url": "https://packagist.org/downloads/",
            "license": [
                "MIT"
            ],
            "authors": [
                {
                    "name": "PHP-FIG",
                    "homepage": "http://www.php-fig.org/"
                }
            ],
            "description": "Common interface for HTTP messages",
            "keywords": [
                "http",
                "http-message",
                "psr",
                "psr-7",
                "request",
                "response"
            ],
            "time": "2015-05-04 20:22:00"
        },
        {
            "name": "true/punycode",
            "version": "v2.0.1",
            "source": {
                "type": "git",
                "url": "https://github.com/true/php-punycode.git",
                "reference": "b672918d992b84f8016bbe353a42516928393c63"
            },
            "dist": {
                "type": "zip",
                "url": "https://api.github.com/repos/true/php-punycode/zipball/b672918d992b84f8016bbe353a42516928393c63",
                "reference": "b672918d992b84f8016bbe353a42516928393c63",
                "shasum": ""
            },
            "require": {
                "ext-mbstring": "*",
                "php": ">=5.3.0"
            },
            "require-dev": {
                "phpunit/phpunit": "~4.7",
                "squizlabs/php_codesniffer": "~2.0"
            },
            "type": "library",
            "autoload": {
                "psr-4": {
                    "TrueBV\\": "src/"
                }
            },
            "notification-url": "https://packagist.org/downloads/",
            "license": [
                "MIT"
            ],
            "authors": [
                {
                    "name": "Renan Gonçalves",
                    "email": "renan.saddam@gmail.com"
                }
            ],
            "description": "A Bootstring encoding of Unicode for Internationalized Domain Names in Applications (IDNA)",
            "homepage": "https://github.com/true/php-punycode",
            "keywords": [
                "idna",
                "punycode"
            ],
            "time": "2015-09-01 14:53:31"
        },
        {
            "name": "twig/twig",
            "version": "v1.22.3",
            "source": {
                "type": "git",
                "url": "https://github.com/twigphp/Twig.git",
                "reference": "ebfc36b7e77b0c1175afe30459cf943010245540"
            },
            "dist": {
                "type": "zip",
                "url": "https://api.github.com/repos/twigphp/Twig/zipball/ebfc36b7e77b0c1175afe30459cf943010245540",
                "reference": "ebfc36b7e77b0c1175afe30459cf943010245540",
                "shasum": ""
            },
            "require": {
                "php": ">=5.2.7"
            },
            "require-dev": {
                "symfony/debug": "~2.7",
                "symfony/phpunit-bridge": "~2.7"
            },
            "type": "library",
            "extra": {
                "branch-alias": {
                    "dev-master": "1.22-dev"
                }
            },
            "autoload": {
                "psr-0": {
                    "Twig_": "lib/"
                }
            },
            "notification-url": "https://packagist.org/downloads/",
            "license": [
                "BSD-3-Clause"
            ],
            "authors": [
                {
                    "name": "Fabien Potencier",
                    "email": "fabien@symfony.com",
                    "homepage": "http://fabien.potencier.org",
                    "role": "Lead Developer"
                },
                {
                    "name": "Armin Ronacher",
                    "email": "armin.ronacher@active-4.com",
                    "role": "Project Founder"
                },
                {
                    "name": "Twig Team",
                    "homepage": "http://twig.sensiolabs.org/contributors",
                    "role": "Contributors"
                }
            ],
            "description": "Twig, the flexible, fast, and secure template language for PHP",
            "homepage": "http://twig.sensiolabs.org",
            "keywords": [
                "templating"
            ],
            "time": "2015-10-13 07:07:02"
        }
    ],
    "packages-dev": [],
    "aliases": [],
    "minimum-stability": "stable",
    "stability-flags": {
        "payum/core": 20
    },
    "prefer-stable": false,
    "prefer-lowest": false,
    "platform": [],
    "platform-dev": []
}
